
Microsoft Visual Studio Solution File, Format Version 12.00
# Visual Studio Version 16
VisualStudioVersion = 16.0.29201.188
MinimumVisualStudioVersion = 10.0.40219.1
Project("{FAE04EC0-301F-11D3-BF4B-00C04F79EFBC}") = "MvcMovie", "MvcMovie.csproj", "{6E376F51-D3E3-4F6D-BDBE-CE831DC83AEC}"
EndProject
Global
	GlobalSection(SolutionConfigurationPlatforms) = preSolution
		Debug|Any CPU = Debug|Any CPU
		Release|Any CPU = Release|Any CPU
	EndGlobalSection
	GlobalSection(ProjectConfigurationPlatforms) = postSolution
		{6E376F51-D3E3-4F6D-BDBE-CE831DC83AEC}.Debug|Any CPU.ActiveCfg = Debug|Any CPU
		{6E376F51-D3E3-4F6D-BDBE-CE831DC83AEC}.Debug|Any CPU.Build.0 = Debug|Any CPU
		{6E376F51-D3E3-4F6D-BDBE-CE831DC83AEC}.Release|Any CPU.ActiveCfg = Release|Any CPU
		{6E376F51-D3E3-4F6D-BDBE-CE831DC83AEC}.Release|Any CPU.Build.0 = Release|Any CPU
	EndGlobalSection
	GlobalSection(SolutionProperties) = preSolution
		HideSolutionNode = FALSE
	EndGlobalSection
	GlobalSection(ExtensibilityGlobals) = postSolution
		SolutionGuid = {878BF3B8-EDB9-482C-8855-A1B9D861BE12}
	EndGlobalSection
EndGlobal
